// !$*UTF8*$!
{
	archiveVersion = 1;
	classes = {
	};
	objectVersion = 77;
	objects = {

/* Begin PBXContainerItemProxy section */
		DAFA2DC53055D11B00E37AAC /* PBXContainerItemProxy */ = {
			isa = PBXContainerItemProxy;
			containerPortal = DAFA2DAB3055D11A00E37AAC /* Project object */;
			proxyType = 1;
			remoteGlobalIDString = DAFA2DB23055D11A00E37AAC;
			remoteInfo = "FRC Head Ref Helper";
		};
		DAFA2DCF3055D11B00E37AAC /* PBXContainerItemProxy */ = {
			isa = PBXContainerItemProxy;
			containerPortal = DAFA2DAB3055D11A00E37AAC /* Project object */;
			proxyType = 1;
			remoteGlobalIDString = DAFA2DB23055D11A00E37AAC;
			remoteInfo = "FRC Head Ref Helper";
		};
		AA010000000000000000AAB3 /* PBXContainerItemProxy */ = {
			isa = PBXContainerItemProxy;
			containerPortal = DAFA2DAB3055D11A00E37AAC /* Project object */;
			proxyType = 1;
			remoteGlobalIDString = AA010000000000000000AAA2;
			remoteInfo = RefWidgets;
		};
/* End PBXContainerItemProxy section */

/* Begin PBXBuildFile section */
		AA010000000000000000AAB4 /* RefWidgets.appex in Embed Foundation Extensions */ = {isa = PBXBuildFile; fileRef = AA010000000000000000AAA1 /* RefWidgets.appex */; platformFilters = (ios, ); settings = {ATTRIBUTES = (RemoveHeadersOnCopy, ); }; };
/* End PBXBuildFile section */

/* Begin PBXCopyFilesBuildPhase section */
		AA010000000000000000AAB1 /* Embed Foundation Extensions */ = {
			isa = PBXCopyFilesBuildPhase;
			buildActionMask = 2147483647;
			dstPath = "";
			dstSubfolderSpec = 13;
			files = (
				AA010000000000000000AAB4 /* RefWidgets.appex in Embed Foundation Extensions */,
			);
			name = "Embed Foundation Extensions";
			runOnlyForDeploymentPostprocessing = 0;
		};
/* End PBXCopyFilesBuildPhase section */

/* Begin PBXFileReference section */
		DAFA2DB33055D11A00E37AAC /* FRC Head Ref Helper.app */ = {isa = PBXFileReference; explicitFileType = wrapper.application; includeInIndex = 0; path = "FRC Head Ref Helper.app"; sourceTree = BUILT_PRODUCTS_DIR; };
		DAFA2DC43055D11B00E37AAC /* FRC Head Ref HelperTests.xctest */ = {isa = PBXFileReference; explicitFileType = wrapper.cfbundle; includeInIndex = 0; path = "FRC Head Ref HelperTests.xctest"; sourceTree = BUILT_PRODUCTS_DIR; };
		DAFA2DCE3055D11B00E37AAC /* FRC Head Ref HelperUITests.xctest */ = {isa = PBXFileReference; explicitFileType = wrapper.cfbundle; includeInIndex = 0; path = "FRC Head Ref HelperUITests.xctest"; sourceTree = BUILT_PRODUCTS_DIR; };
		AA010000000000000000AAA1 /* RefWidgets.appex */ = {isa = PBXFileReference; explicitFileType = "wrapper.app-extension"; includeInIndex = 0; path = RefWidgets.appex; sourceTree = BUILT_PRODUCTS_DIR; };
/* End PBXFileReference section */

/* Begin PBXFileSystemSynchronizedBuildFileExceptionSet section */
		DAFA2DD63055D11B00E37AAC /* Exceptions for "FRC Head Ref Helper" folder in "FRC Head Ref Helper" target */ = {
			isa = PBXFileSystemSynchronizedBuildFileExceptionSet;
			membershipExceptions = (
				Info.plist,
			);
			target = DAFA2DB23055D11A00E37AAC /* FRC Head Ref Helper */;
		};
		AA010000000000000000AAB5 /* Exceptions for "RefWidgets" folder in "RefWidgets" target */ = {
			isa = PBXFileSystemSynchronizedBuildFileExceptionSet;
			membershipExceptions = (
				Info.plist,
			);
			target = AA010000000000000000AAA2 /* RefWidgets */;
		};
/* End PBXFileSystemSynchronizedBuildFileExceptionSet section */

/* Begin PBXFileSystemSynchronizedRootGroup section */
		DAFA2DB53055D11A00E37AAC /* FRC Head Ref Helper */ = {
			isa = PBXFileSystemSynchronizedRootGroup;
			exceptions = (
				DAFA2DD63055D11B00E37AAC /* Exceptions for "FRC Head Ref Helper" folder in "FRC Head Ref Helper" target */,
			);
			path = "FRC Head Ref Helper";
			sourceTree = "<group>";
		};
		DAFA2DC73055D11B00E37AAC /* FRC Head Ref HelperTests */ = {
			isa = PBXFileSystemSynchronizedRootGroup;
			path = "FRC Head Ref HelperTests";
			sourceTree = "<group>";
		};
		DAFA2DD13055D11B00E37AAC /* FRC Head Ref HelperUITests */ = {
			isa = PBXFileSystemSynchronizedRootGroup;
			path = "FRC Head Ref HelperUITests";
			sourceTree = "<group>";
		};
		AA010000000000000000AAA6 /* RefWidgets */ = {
			isa = PBXFileSystemSynchronizedRootGroup;
			exceptions = (
				AA010000000000000000AAB5 /* Exceptions for "RefWidgets" folder in "RefWidgets" target */,
			);
			path = RefWidgets;
			sourceTree = "<group>";
		};
		AA010000000000000000AAA7 /* Shared */ = {
			isa = PBXFileSystemSynchronizedRootGroup;
			path = Shared;
			sourceTree = "<group>";
		};
/* End PBXFileSystemSynchronizedRootGroup section */

/* Begin PBXFrameworksBuildPhase section */
		DAFA2DB03055D11A00E37AAC /* Frameworks */ = {
			isa = PBXFrameworksBuildPhase;
			buildActionMask = 2147483647;
			files = (
			);
			runOnlyForDeploymentPostprocessing = 0;
		};
		DAFA2DC13055D11B00E37AAC /* Frameworks */ = {
			isa = PBXFrameworksBuildPhase;
			buildActionMask = 2147483647;
			files = (
			);
			runOnlyForDeploymentPostprocessing = 0;
		};
		DAFA2DCB3055D11B00E37AAC /* Frameworks */ = {
			isa = PBXFrameworksBuildPhase;
			buildActionMask = 2147483647;
			files = (
			);
			runOnlyForDeploymentPostprocessing = 0;
		};
		AA010000000000000000AAA4 /* Frameworks */ = {
			isa = PBXFrameworksBuildPhase;
			buildActionMask = 2147483647;
			files = (
			);
			runOnlyForDeploymentPostprocessing = 0;
		};
/* End PBXFrameworksBuildPhase section */

/* Begin PBXGroup section */
		DAFA2DAA3055D11A00E37AAC = {
			isa = PBXGroup;
			children = (
				AA010000000000000000AAA7 /* Shared */,
				AA010000000000000000AAA6 /* RefWidgets */,
				DAFA2DB53055D11A00E37AAC /* FRC Head Ref Helper */,
				DAFA2DC73055D11B00E37AAC /* FRC Head Ref HelperTests */,
				DAFA2DD13055D11B00E37AAC /* FRC Head Ref HelperUITests */,
				DAFA2DB43055D11A00E37AAC /* Products */,
			);
			sourceTree = "<group>";
		};
		DAFA2DB43055D11A00E37AAC /* Products */ = {
			isa = PBXGroup;
			children = (
				DAFA2DB33055D11A00E37AAC /* FRC Head Ref Helper.app */,
				DAFA2DC43055D11B00E37AAC /* FRC Head Ref HelperTests.xctest */,
				DAFA2DCE3055D11B00E37AAC /* FRC Head Ref HelperUITests.xctest */,
				AA010000000000000000AAA1 /* RefWidgets.appex */,
			);
			name = Products;
			sourceTree = "<group>";
		};
/* End PBXGroup section */

/* Begin PBXNativeTarget section */
		DAFA2DB23055D11A00E37AAC /* FRC Head Ref Helper */ = {
			isa = PBXNativeTarget;
			buildConfigurationList = DAFA2DD73055D11B00E37AAC /* Build configuration list for PBXNativeTarget "FRC Head Ref Helper" */;
			buildPhases = (
				DAFA2DAF3055D11A00E37AAC /* Sources */,
				DAFA2DB03055D11A00E37AAC /* Frameworks */,
				DAFA2DB13055D11A00E37AAC /* Resources */,
				AA010000000000000000AAB1 /* Embed Foundation Extensions */,
			);
			buildRules = (
			);
			dependencies = (
				AA010000000000000000AAB2 /* PBXTargetDependency */,
			);
			fileSystemSynchronizedGroups = (
				DAFA2DB53055D11A00E37AAC /* FRC Head Ref Helper */,
				AA010000000000000000AAA7 /* Shared */,
			);
			name = "FRC Head Ref Helper";
			packageProductDependencies = (
			);
			productName = "FRC Head Ref Helper";
			productReference = DAFA2DB33055D11A00E37AAC /* FRC Head Ref Helper.app */;
			productType = "com.apple.product-type.application";
		};
		DAFA2DC33055D11B00E37AAC /* FRC Head Ref HelperTests */ = {
			isa = PBXNativeTarget;
			buildConfigurationList = DAFA2DDC3055D11B00E37AAC /* Build configuration list for PBXNativeTarget "FRC Head Ref HelperTests" */;
			buildPhases = (
				DAFA2DC03055D11B00E37AAC /* Sources */,
				DAFA2DC13055D11B00E37AAC /* Frameworks */,
				DAFA2DC23055D11B00E37AAC /* Resources */,
			);
			buildRules = (
			);
			dependencies = (
				DAFA2DC63055D11B00E37AAC /* PBXTargetDependency */,
			);
			fileSystemSynchronizedGroups = (
				DAFA2DC73055D11B00E37AAC /* FRC Head Ref HelperTests */,
			);
			name = "FRC Head Ref HelperTests";
			packageProductDependencies = (
			);
			productName = "FRC Head Ref HelperTests";
			productReference = DAFA2DC43055D11B00E37AAC /* FRC Head Ref HelperTests.xctest */;
			productType = "com.apple.product-type.bundle.unit-test";
		};
		DAFA2DCD3055D11B00E37AAC /* FRC Head Ref HelperUITests */ = {
			isa = PBXNativeTarget;
			buildConfigurationList = DAFA2DDF3055D11B00E37AAC /* Build configuration list for PBXNativeTarget "FRC Head Ref HelperUITests" */;
			buildPhases = (
				DAFA2DCA3055D11B00E37AAC /* Sources */,
				DAFA2DCB3055D11B00E37AAC /* Frameworks */,
				DAFA2DCC3055D11B00E37AAC /* Resources */,
			);
			buildRules = (
			);
			dependencies = (
				DAFA2DD03055D11B00E37AAC /* PBXTargetDependency */,
			);
			fileSystemSynchronizedGroups = (
				DAFA2DD13055D11B00E37AAC /* FRC Head Ref HelperUITests */,
			);
			name = "FRC Head Ref HelperUITests";
			packageProductDependencies = (
			);
			productName = "FRC Head Ref HelperUITests";
			productReference = DAFA2DCE3055D11B00E37AAC /* FRC Head Ref HelperUITests.xctest */;
			productType = "com.apple.product-type.bundle.ui-testing";
		};
		AA010000000000000000AAA2 /* RefWidgets */ = {
			isa = PBXNativeTarget;
			buildConfigurationList = AA010000000000000000AAA8 /* Build configuration list for PBXNativeTarget "RefWidgets" */;
			buildPhases = (
				AA010000000000000000AAA3 /* Sources */,
				AA010000000000000000AAA4 /* Frameworks */,
				AA010000000000000000AAA5 /* Resources */,
			);
			buildRules = (
			);
			dependencies = (
			);
			fileSystemSynchronizedGroups = (
				AA010000000000000000AAA6 /* RefWidgets */,
				AA010000000000000000AAA7 /* Shared */,
			);
			name = RefWidgets;
			packageProductDependencies = (
			);
			productName = RefWidgets;
			productReference = AA010000000000000000AAA1 /* RefWidgets.appex */;
			productType = "com.apple.product-type.app-extension";
		};
/* End PBXNativeTarget section */

/* Begin PBXProject section */
		DAFA2DAB3055D11A00E37AAC /* Project object */ = {
			isa = PBXProject;
			attributes = {
				BuildIndependentTargetsInParallel = 1;
				LastSwiftUpdateCheck = 2660;
				LastUpgradeCheck = 2660;
				TargetAttributes = {
					DAFA2DB23055D11A00E37AAC = {
						CreatedOnToolsVersion = 26.6;
					};
					AA010000000000000000AAA2 = {
						CreatedOnToolsVersion = 26.6;
					};
					DAFA2DC33055D11B00E37AAC = {
						CreatedOnToolsVersion = 26.6;
						TestTargetID = DAFA2DB23055D11A00E37AAC;
					};
					DAFA2DCD3055D11B00E37AAC = {
						CreatedOnToolsVersion = 26.6;
						TestTargetID = DAFA2DB23055D11A00E37AAC;
					};
				};
			};
			buildConfigurationList = DAFA2DAE3055D11A00E37AAC /* Build configuration list for PBXProject "FRC Head Ref Helper" */;
			developmentRegion = en;
			hasScannedForEncodings = 0;
			knownRegions = (
				en,
				Base,
			);
			mainGroup = DAFA2DAA3055D11A00E37AAC;
			minimizedProjectReferenceProxies = 1;
			preferredProjectObjectVersion = 77;
			productRefGroup = DAFA2DB43055D11A00E37AAC /* Products */;
			projectDirPath = "";
			projectRoot = "";
			targets = (
				DAFA2DB23055D11A00E37AAC /* FRC Head Ref Helper */,
				AA010000000000000000AAA2 /* RefWidgets */,
				DAFA2DC33055D11B00E37AAC /* FRC Head Ref HelperTests */,
				DAFA2DCD3055D11B00E37AAC /* FRC Head Ref HelperUITests */,
			);
		};
/* End PBXProject section */

/* Begin PBXResourcesBuildPhase section */
		DAFA2DB13055D11A00E37AAC /* Resources */ = {
			isa = PBXResourcesBuildPhase;
			buildActionMask = 2147483647;
			files = (
			);
			runOnlyForDeploymentPostprocessing = 0;
		};
		DAFA2DC23055D11B00E37AAC /* Resources */ = {
			isa = PBXResourcesBuildPhase;
			buildActionMask = 2147483647;
			files = (
			);
			runOnlyForDeploymentPostprocessing = 0;
		};
		DAFA2DCC3055D11B00E37AAC /* Resources */ = {
			isa = PBXResourcesBuildPhase;
			buildActionMask = 2147483647;
			files = (
			);
			runOnlyForDeploymentPostprocessing = 0;
		};
		AA010000000000000000AAA5 /* Resources */ = {
			isa = PBXResourcesBuildPhase;
			buildActionMask = 2147483647;
			files = (
			);
			runOnlyForDeploymentPostprocessing = 0;
		};
/* End PBXResourcesBuildPhase section */

/* Begin PBXSourcesBuildPhase section */
		DAFA2DAF3055D11A00E37AAC /* Sources */ = {
			isa = PBXSourcesBuildPhase;
			buildActionMask = 2147483647;
			files = (
			);
			runOnlyForDeploymentPostprocessing = 0;
		};
		DAFA2DC03055D11B00E37AAC /* Sources */ = {
			isa = PBXSourcesBuildPhase;
			buildActionMask = 2147483647;
			files = (
			);
			runOnlyForDeploymentPostprocessing = 0;
		};
		DAFA2DCA3055D11B00E37AAC /* Sources */ = {
			isa = PBXSourcesBuildPhase;
			buildActionMask = 2147483647;
			files = (
			);
			runOnlyForDeploymentPostprocessing = 0;
		};
		AA010000000000000000AAA3 /* Sources */ = {
			isa = PBXSourcesBuildPhase;
			buildActionMask = 2147483647;
			files = (
			);
			runOnlyForDeploymentPostprocessing = 0;
		};
/* End PBXSourcesBuildPhase section */

/* Begin PBXTargetDependency section */
		DAFA2DC63055D11B00E37AAC /* PBXTargetDependency */ = {
			isa = PBXTargetDependency;
			target = DAFA2DB23055D11A00E37AAC /* FRC Head Ref Helper */;
			targetProxy = DAFA2DC53055D11B00E37AAC /* PBXContainerItemProxy */;
		};
		DAFA2DD03055D11B00E37AAC /* PBXTargetDependency */ = {
			isa = PBXTargetDependency;
			target = DAFA2DB23055D11A00E37AAC /* FRC Head Ref Helper */;
			targetProxy = DAFA2DCF3055D11B00E37AAC /* PBXContainerItemProxy */;
		};
		AA010000000000000000AAB2 /* PBXTargetDependency */ = {
			isa = PBXTargetDependency;
			platformFilters = (
				ios,
			);
			target = AA010000000000000000AAA2 /* RefWidgets */;
			targetProxy = AA010000000000000000AAB3 /* PBXContainerItemProxy */;
		};
/* End PBXTargetDependency section */

/* Begin XCBuildConfiguration section */
		DAFA2DD83055D11B00E37AAC /* Debug */ = {
			isa = XCBuildConfiguration;
			buildSettings = {
				ASSETCATALOG_COMPILER_APPICON_NAME = AppIcon;
				ASSETCATALOG_COMPILER_GLOBAL_ACCENT_COLOR_NAME = AccentColor;
				AUTOMATION_APPLE_EVENTS = NO;
				CODE_SIGN_ENTITLEMENTS = "FRC Head Ref Helper/FRC Head Ref Helper.entitlements";
				CODE_SIGN_STYLE = Automatic;
				CURRENT_PROJECT_VERSION = 1;
				DEVELOPMENT_TEAM = F4C4286R8Q;
				ENABLE_APP_SANDBOX = NO;
				ENABLE_HARDENED_RUNTIME = NO;
				ENABLE_PREVIEWS = YES;
				ENABLE_RESOURCE_ACCESS_AUDIO_INPUT = NO;
				ENABLE_RESOURCE_ACCESS_CALENDARS = NO;
				ENABLE_RESOURCE_ACCESS_CAMERA = NO;
				ENABLE_RESOURCE_ACCESS_CONTACTS = NO;
				ENABLE_RESOURCE_ACCESS_LOCATION = NO;
				ENABLE_RESOURCE_ACCESS_PHOTO_LIBRARY = NO;
				GENERATE_INFOPLIST_FILE = YES;
				INFOPLIST_FILE = "FRC Head Ref Helper/Info.plist";
				INFOPLIST_KEY_NSLocalNetworkUsageDescription = "This app will connect to a cheesy-arena server running on your local field network to sync event updates. This functionality is optional, but reccomended.";
				"INFOPLIST_KEY_UIApplicationSceneManifest_Generation[sdk=iphoneos*]" = YES;
				"INFOPLIST_KEY_UIApplicationSceneManifest_Generation[sdk=iphonesimulator*]" = YES;
				"INFOPLIST_KEY_UIApplicationSupportsIndirectInputEvents[sdk=iphoneos*]" = YES;
				"INFOPLIST_KEY_UIApplicationSupportsIndirectInputEvents[sdk=iphonesimulator*]" = YES;
				"INFOPLIST_KEY_UILaunchScreen_Generation[sdk=iphoneos*]" = YES;
				"INFOPLIST_KEY_UILaunchScreen_Generation[sdk=iphonesimulator*]" = YES;
				"INFOPLIST_KEY_UIStatusBarStyle[sdk=iphoneos*]" = UIStatusBarStyleDefault;
				"INFOPLIST_KEY_UIStatusBarStyle[sdk=iphonesimulator*]" = UIStatusBarStyleDefault;
				INFOPLIST_KEY_UISupportedInterfaceOrientations_iPad = "UIInterfaceOrientationPortrait UIInterfaceOrientationPortraitUpsideDown UIInterfaceOrientationLandscapeLeft UIInterfaceOrientationLandscapeRight";
				INFOPLIST_KEY_UISupportedInterfaceOrientations_iPhone = "UIInterfaceOrientationPortrait UIInterfaceOrientationLandscapeLeft UIInterfaceOrientationLandscapeRight";
				"INFOPLIST_KEY_WKApplication[sdk=watchos*]" = YES;
				"INFOPLIST_KEY_WKApplication[sdk=watchsimulator*]" = YES;
				"INFOPLIST_KEY_WKCompanionAppBundleIdentifier[sdk=watchos*]" = "me.jackdoherty.FRC-Head-Ref-Helper";
				"INFOPLIST_KEY_WKCompanionAppBundleIdentifier[sdk=watchsimulator*]" = "me.jackdoherty.FRC-Head-Ref-Helper";
				IPHONEOS_DEPLOYMENT_TARGET = 26.5;
				LD_RUNPATH_SEARCH_PATHS = "@executable_path/Frameworks";
				"LD_RUNPATH_SEARCH_PATHS[sdk=macosx*]" = "@executable_path/../Frameworks";
				MACOSX_DEPLOYMENT_TARGET = 26.4;
				MARKETING_VERSION = 1.0;
				PRODUCT_BUNDLE_IDENTIFIER = "me.jackdoherty.FRC-Head-Ref-Helper";
				"PRODUCT_BUNDLE_IDENTIFIER[sdk=watchos*]" = "me.jackdoherty.FRC-Head-Ref-Helper.watchkitapp";
				"PRODUCT_BUNDLE_IDENTIFIER[sdk=watchsimulator*]" = "me.jackdoherty.FRC-Head-Ref-Helper.watchkitapp";
				PRODUCT_NAME = "$(TARGET_NAME)";
				REGISTER_APP_GROUPS = YES;
				RUNTIME_EXCEPTION_ALLOW_DYLD_ENVIRONMENT_VARIABLES = NO;
				RUNTIME_EXCEPTION_ALLOW_JIT = NO;
				RUNTIME_EXCEPTION_ALLOW_UNSIGNED_EXECUTABLE_MEMORY = NO;
				RUNTIME_EXCEPTION_DEBUGGING_TOOL = NO;
				RUNTIME_EXCEPTION_DISABLE_EXECUTABLE_PAGE_PROTECTION = NO;
				RUNTIME_EXCEPTION_DISABLE_LIBRARY_VALIDATION = NO;
				SDKROOT = auto;
				STRING_CATALOG_GENERATE_SYMBOLS = YES;
				SUPPORTED_PLATFORMS = "iphoneos iphonesimulator macosx watchos watchsimulator xros xrsimulator";
				SWIFT_APPROACHABLE_CONCURRENCY = YES;
				SWIFT_DEFAULT_ACTOR_ISOLATION = MainActor;
				SWIFT_EMIT_LOC_STRINGS = YES;
				SWIFT_UPCOMING_FEATURE_MEMBER_IMPORT_VISIBILITY = YES;
				SWIFT_VERSION = 5.0;
				TARGETED_DEVICE_FAMILY = "1,2,4,7";
				WATCHOS_DEPLOYMENT_TARGET = 26.5;
				XROS_DEPLOYMENT_TARGET = 26.5;
			};
			name = Debug;
		};
		DAFA2DD93055D11B00E37AAC /* Release */ = {
			isa = XCBuildConfiguration;
			buildSettings = {
				ASSETCATALOG_COMPILER_APPICON_NAME = AppIcon;
				ASSETCATALOG_COMPILER_GLOBAL_ACCENT_COLOR_NAME = AccentColor;
				AUTOMATION_APPLE_EVENTS = NO;
				CODE_SIGN_ENTITLEMENTS = "FRC Head Ref Helper/FRC Head Ref Helper.entitlements";
				CODE_SIGN_STYLE = Automatic;
				CURRENT_PROJECT_VERSION = 1;
				DEVELOPMENT_TEAM = F4C4286R8Q;
				ENABLE_APP_SANDBOX = NO;
				ENABLE_HARDENED_RUNTIME = NO;
				ENABLE_PREVIEWS = YES;
				ENABLE_RESOURCE_ACCESS_AUDIO_INPUT = NO;
				ENABLE_RESOURCE_ACCESS_CALENDARS = NO;
				ENABLE_RESOURCE_ACCESS_CAMERA = NO;
				ENABLE_RESOURCE_ACCESS_CONTACTS = NO;
				ENABLE_RESOURCE_ACCESS_LOCATION = NO;
				ENABLE_RESOURCE_ACCESS_PHOTO_LIBRARY = NO;
				GENERATE_INFOPLIST_FILE = YES;
				INFOPLIST_FILE = "FRC Head Ref Helper/Info.plist";
				INFOPLIST_KEY_NSLocalNetworkUsageDescription = "This app will connect to a cheesy-arena server running on your local field network to sync event updates. This functionality is optional, but reccomended.";
				"INFOPLIST_KEY_UIApplicationSceneManifest_Generation[sdk=iphoneos*]" = YES;
				"INFOPLIST_KEY_UIApplicationSceneManifest_Generation[sdk=iphonesimulator*]" = YES;
				"INFOPLIST_KEY_UIApplicationSupportsIndirectInputEvents[sdk=iphoneos*]" = YES;
				"INFOPLIST_KEY_UIApplicationSupportsIndirectInputEvents[sdk=iphonesimulator*]" = YES;
				"INFOPLIST_KEY_UILaunchScreen_Generation[sdk=iphoneos*]" = YES;
				"INFOPLIST_KEY_UILaunchScreen_Generation[sdk=iphonesimulator*]" = YES;
				"INFOPLIST_KEY_UIStatusBarStyle[sdk=iphoneos*]" = UIStatusBarStyleDefault;
				"INFOPLIST_KEY_UIStatusBarStyle[sdk=iphonesimulator*]" = UIStatusBarStyleDefault;
				INFOPLIST_KEY_UISupportedInterfaceOrientations_iPad = "UIInterfaceOrientationPortrait UIInterfaceOrientationPortraitUpsideDown UIInterfaceOrientationLandscapeLeft UIInterfaceOrientationLandscapeRight";
				INFOPLIST_KEY_UISupportedInterfaceOrientations_iPhone = "UIInterfaceOrientationPortrait UIInterfaceOrientationLandscapeLeft UIInterfaceOrientationLandscapeRight";
				"INFOPLIST_KEY_WKApplication[sdk=watchos*]" = YES;
				"INFOPLIST_KEY_WKApplication[sdk=watchsimulator*]" = YES;
				"INFOPLIST_KEY_WKCompanionAppBundleIdentifier[sdk=watchos*]" = "me.jackdoherty.FRC-Head-Ref-Helper";
				"INFOPLIST_KEY_WKCompanionAppBundleIdentifier[sdk=watchsimulator*]" = "me.jackdoherty.FRC-Head-Ref-Helper";
				IPHONEOS_DEPLOYMENT_TARGET = 26.5;
				LD_RUNPATH_SEARCH_PATHS = "@executable_path/Frameworks";
				"LD_RUNPATH_SEARCH_PATHS[sdk=macosx*]" = "@executable_path/../Frameworks";
				MACOSX_DEPLOYMENT_TARGET = 26.4;
				MARKETING_VERSION = 1.0;
				PRODUCT_BUNDLE_IDENTIFIER = "me.jackdoherty.FRC-Head-Ref-Helper";
				"PRODUCT_BUNDLE_IDENTIFIER[sdk=watchos*]" = "me.jackdoherty.FRC-Head-Ref-Helper.watchkitapp";
				"PRODUCT_BUNDLE_IDENTIFIER[sdk=watchsimulator*]" = "me.jackdoherty.FRC-Head-Ref-Helper.watchkitapp";
				PRODUCT_NAME = "$(TARGET_NAME)";
				REGISTER_APP_GROUPS = YES;
				RUNTIME_EXCEPTION_ALLOW_DYLD_ENVIRONMENT_VARIABLES = NO;
				RUNTIME_EXCEPTION_ALLOW_JIT = NO;
				RUNTIME_EXCEPTION_ALLOW_UNSIGNED_EXECUTABLE_MEMORY = NO;
				RUNTIME_EXCEPTION_DEBUGGING_TOOL = NO;
				RUNTIME_EXCEPTION_DISABLE_EXECUTABLE_PAGE_PROTECTION = NO;
				RUNTIME_EXCEPTION_DISABLE_LIBRARY_VALIDATION = NO;
				SDKROOT = auto;
				STRING_CATALOG_GENERATE_SYMBOLS = YES;
				SUPPORTED_PLATFORMS = "iphoneos iphonesimulator macosx watchos watchsimulator xros xrsimulator";
				SWIFT_APPROACHABLE_CONCURRENCY = YES;
				SWIFT_DEFAULT_ACTOR_ISOLATION = MainActor;
				SWIFT_EMIT_LOC_STRINGS = YES;
				SWIFT_UPCOMING_FEATURE_MEMBER_IMPORT_VISIBILITY = YES;
				SWIFT_VERSION = 5.0;
				TARGETED_DEVICE_FAMILY = "1,2,4,7";
				WATCHOS_DEPLOYMENT_TARGET = 26.5;
				XROS_DEPLOYMENT_TARGET = 26.5;
			};
			name = Release;
		};
		DAFA2DDA3055D11B00E37AAC /* Debug */ = {
			isa = XCBuildConfiguration;
			buildSettings = {
				ALWAYS_SEARCH_USER_PATHS = NO;
				ASSETCATALOG_COMPILER_GENERATE_SWIFT_ASSET_SYMBOL_EXTENSIONS = YES;
				CLANG_ANALYZER_NONNULL = YES;
				CLANG_ANALYZER_NUMBER_OBJECT_CONVERSION = YES_AGGRESSIVE;
				CLANG_CXX_LANGUAGE_STANDARD = "gnu++20";
				CLANG_ENABLE_MODULES = YES;
				CLANG_ENABLE_OBJC_ARC = YES;
				CLANG_ENABLE_OBJC_WEAK = YES;
				CLANG_WARN_BLOCK_CAPTURE_AUTORELEASING = YES;
				CLANG_WARN_BOOL_CONVERSION = YES;
				CLANG_WARN_COMMA = YES;
				CLANG_WARN_CONSTANT_CONVERSION = YES;
				CLANG_WARN_DEPRECATED_OBJC_IMPLEMENTATIONS = YES;
				CLANG_WARN_DIRECT_OBJC_ISA_USAGE = YES_ERROR;
				CLANG_WARN_DOCUMENTATION_COMMENTS = YES;
				CLANG_WARN_EMPTY_BODY = YES;
				CLANG_WARN_ENUM_CONVERSION = YES;
				CLANG_WARN_INFINITE_RECURSION = YES;
				CLANG_WARN_INT_CONVERSION = YES;
				CLANG_WARN_NON_LITERAL_NULL_CONVERSION = YES;
				CLANG_WARN_OBJC_IMPLICIT_RETAIN_SELF = YES;
				CLANG_WARN_OBJC_LITERAL_CONVERSION = YES;
				CLANG_WARN_OBJC_ROOT_CLASS = YES_ERROR;
				CLANG_WARN_QUOTED_INCLUDE_IN_FRAMEWORK_HEADER = YES;
				CLANG_WARN_RANGE_LOOP_ANALYSIS = YES;
				CLANG_WARN_STRICT_PROTOTYPES = YES;
				CLANG_WARN_SUSPICIOUS_MOVE = YES;
				CLANG_WARN_UNGUARDED_AVAILABILITY = YES_AGGRESSIVE;
				CLANG_WARN_UNREACHABLE_CODE = YES;
				CLANG_WARN__DUPLICATE_METHOD_MATCH = YES;
				COPY_PHASE_STRIP = NO;
				DEBUG_INFORMATION_FORMAT = dwarf;
				DEVELOPMENT_TEAM = F4C4286R8Q;
				ENABLE_STRICT_OBJC_MSGSEND = YES;
				ENABLE_TESTABILITY = YES;
				ENABLE_USER_SCRIPT_SANDBOXING = YES;
				GCC_C_LANGUAGE_STANDARD = gnu17;
				GCC_DYNAMIC_NO_PIC = NO;
				GCC_NO_COMMON_BLOCKS = YES;
				GCC_OPTIMIZATION_LEVEL = 0;
				GCC_PREPROCESSOR_DEFINITIONS = (
					"DEBUG=1",
					"$(inherited)",
				);
				GCC_WARN_64_TO_32_BIT_CONVERSION = YES;
				GCC_WARN_ABOUT_RETURN_TYPE = YES_ERROR;
				GCC_WARN_UNDECLARED_SELECTOR = YES;
				GCC_WARN_UNINITIALIZED_AUTOS = YES_AGGRESSIVE;
				GCC_WARN_UNUSED_FUNCTION = YES;
				GCC_WARN_UNUSED_VARIABLE = YES;
				LOCALIZATION_PREFERS_STRING_CATALOGS = YES;
				MTL_ENABLE_DEBUG_INFO = INCLUDE_SOURCE;
				MTL_FAST_MATH = YES;
				ONLY_ACTIVE_ARCH = YES;
				SWIFT_ACTIVE_COMPILATION_CONDITIONS = "DEBUG $(inherited)";
				SWIFT_OPTIMIZATION_LEVEL = "-Onone";
			};
			name = Debug;
		};
		DAFA2DDB3055D11B00E37AAC /* Release */ = {
			isa = XCBuildConfiguration;
			buildSettings = {
				ALWAYS_SEARCH_USER_PATHS = NO;
				ASSETCATALOG_COMPILER_GENERATE_SWIFT_ASSET_SYMBOL_EXTENSIONS = YES;
				CLANG_ANALYZER_NONNULL = YES;
				CLANG_ANALYZER_NUMBER_OBJECT_CONVERSION = YES_AGGRESSIVE;
				CLANG_CXX_LANGUAGE_STANDARD = "gnu++20";
				CLANG_ENABLE_MODULES = YES;
				CLANG_ENABLE_OBJC_ARC = YES;
				CLANG_ENABLE_OBJC_WEAK = YES;
				CLANG_WARN_BLOCK_CAPTURE_AUTORELEASING = YES;
				CLANG_WARN_BOOL_CONVERSION = YES;
				CLANG_WARN_COMMA = YES;
				CLANG_WARN_CONSTANT_CONVERSION = YES;
				CLANG_WARN_DEPRECATED_OBJC_IMPLEMENTATIONS = YES;
				CLANG_WARN_DIRECT_OBJC_ISA_USAGE = YES_ERROR;
				CLANG_WARN_DOCUMENTATION_COMMENTS = YES;
				CLANG_WARN_EMPTY_BODY = YES;
				CLANG_WARN_ENUM_CONVERSION = YES;
				CLANG_WARN_INFINITE_RECURSION = YES;
				CLANG_WARN_INT_CONVERSION = YES;
				CLANG_WARN_NON_LITERAL_NULL_CONVERSION = YES;
				CLANG_WARN_OBJC_IMPLICIT_RETAIN_SELF = YES;
				CLANG_WARN_OBJC_LITERAL_CONVERSION = YES;
				CLANG_WARN_OBJC_ROOT_CLASS = YES_ERROR;
				CLANG_WARN_QUOTED_INCLUDE_IN_FRAMEWORK_HEADER = YES;
				CLANG_WARN_RANGE_LOOP_ANALYSIS = YES;
				CLANG_WARN_STRICT_PROTOTYPES = YES;
				CLANG_WARN_SUSPICIOUS_MOVE = YES;
				CLANG_WARN_UNGUARDED_AVAILABILITY = YES_AGGRESSIVE;
				CLANG_WARN_UNREACHABLE_CODE = YES;
				CLANG_WARN__DUPLICATE_METHOD_MATCH = YES;
				COPY_PHASE_STRIP = NO;
				DEBUG_INFORMATION_FORMAT = "dwarf-with-dsym";
				DEVELOPMENT_TEAM = F4C4286R8Q;
				ENABLE_NS_ASSERTIONS = NO;
				ENABLE_STRICT_OBJC_MSGSEND = YES;
				ENABLE_USER_SCRIPT_SANDBOXING = YES;
				GCC_C_LANGUAGE_STANDARD = gnu17;
				GCC_NO_COMMON_BLOCKS = YES;
				GCC_WARN_64_TO_32_BIT_CONVERSION = YES;
				GCC_WARN_ABOUT_RETURN_TYPE = YES_ERROR;
				GCC_WARN_UNDECLARED_SELECTOR = YES;
				GCC_WARN_UNINITIALIZED_AUTOS = YES_AGGRESSIVE;
				GCC_WARN_UNUSED_FUNCTION = YES;
				GCC_WARN_UNUSED_VARIABLE = YES;
				LOCALIZATION_PREFERS_STRING_CATALOGS = YES;
				MTL_ENABLE_DEBUG_INFO = NO;
				MTL_FAST_MATH = YES;
				SWIFT_COMPILATION_MODE = wholemodule;
			};
			name = Release;
		};
		DAFA2DDD3055D11B00E37AAC /* Debug */ = {
			isa = XCBuildConfiguration;
			buildSettings = {
				BUNDLE_LOADER = "$(TEST_HOST)";
				CODE_SIGN_STYLE = Automatic;
				CURRENT_PROJECT_VERSION = 1;
				DEVELOPMENT_TEAM = F4C4286R8Q;
				GENERATE_INFOPLIST_FILE = YES;
				IPHONEOS_DEPLOYMENT_TARGET = 26.5;
				MACOSX_DEPLOYMENT_TARGET = 26.4;
				MARKETING_VERSION = 1.0;
				PRODUCT_BUNDLE_IDENTIFIER = "me.jackdoherty.FRC-Head-Ref-HelperTests";
				PRODUCT_NAME = "$(TARGET_NAME)";
				SDKROOT = auto;
				STRING_CATALOG_GENERATE_SYMBOLS = NO;
				SUPPORTED_PLATFORMS = "iphoneos iphonesimulator macosx xros xrsimulator";
				SWIFT_APPROACHABLE_CONCURRENCY = YES;
				SWIFT_EMIT_LOC_STRINGS = NO;
				SWIFT_UPCOMING_FEATURE_MEMBER_IMPORT_VISIBILITY = YES;
				SWIFT_VERSION = 5.0;
				TARGETED_DEVICE_FAMILY = "1,2,7";
				TEST_HOST = "$(BUILT_PRODUCTS_DIR)/FRC Head Ref Helper.app/$(BUNDLE_EXECUTABLE_FOLDER_PATH)/FRC Head Ref Helper";
				XROS_DEPLOYMENT_TARGET = 26.5;
			};
			name = Debug;
		};
		DAFA2DDE3055D11B00E37AAC /* Release */ = {
			isa = XCBuildConfiguration;
			buildSettings = {
				BUNDLE_LOADER = "$(TEST_HOST)";
				CODE_SIGN_STYLE = Automatic;
				CURRENT_PROJECT_VERSION = 1;
				DEVELOPMENT_TEAM = F4C4286R8Q;
				GENERATE_INFOPLIST_FILE = YES;
				IPHONEOS_DEPLOYMENT_TARGET = 26.5;
				MACOSX_DEPLOYMENT_TARGET = 26.4;
				MARKETING_VERSION = 1.0;
				PRODUCT_BUNDLE_IDENTIFIER = "me.jackdoherty.FRC-Head-Ref-HelperTests";
				PRODUCT_NAME = "$(TARGET_NAME)";
				SDKROOT = auto;
				STRING_CATALOG_GENERATE_SYMBOLS = NO;
				SUPPORTED_PLATFORMS = "iphoneos iphonesimulator macosx xros xrsimulator";
				SWIFT_APPROACHABLE_CONCURRENCY = YES;
				SWIFT_EMIT_LOC_STRINGS = NO;
				SWIFT_UPCOMING_FEATURE_MEMBER_IMPORT_VISIBILITY = YES;
				SWIFT_VERSION = 5.0;
				TARGETED_DEVICE_FAMILY = "1,2,7";
				TEST_HOST = "$(BUILT_PRODUCTS_DIR)/FRC Head Ref Helper.app/$(BUNDLE_EXECUTABLE_FOLDER_PATH)/FRC Head Ref Helper";
				XROS_DEPLOYMENT_TARGET = 26.5;
			};
			name = Release;
		};
		DAFA2DE03055D11B00E37AAC /* Debug */ = {
			isa = XCBuildConfiguration;
			buildSettings = {
				CODE_SIGN_STYLE = Automatic;
				CURRENT_PROJECT_VERSION = 1;
				DEVELOPMENT_TEAM = F4C4286R8Q;
				GENERATE_INFOPLIST_FILE = YES;
				IPHONEOS_DEPLOYMENT_TARGET = 26.5;
				MACOSX_DEPLOYMENT_TARGET = 26.4;
				MARKETING_VERSION = 1.0;
				PRODUCT_BUNDLE_IDENTIFIER = "me.jackdoherty.FRC-Head-Ref-HelperUITests";
				PRODUCT_NAME = "$(TARGET_NAME)";
				SDKROOT = auto;
				STRING_CATALOG_GENERATE_SYMBOLS = NO;
				SUPPORTED_PLATFORMS = "iphoneos iphonesimulator macosx xros xrsimulator";
				SWIFT_APPROACHABLE_CONCURRENCY = YES;
				SWIFT_EMIT_LOC_STRINGS = NO;
				SWIFT_UPCOMING_FEATURE_MEMBER_IMPORT_VISIBILITY = YES;
				SWIFT_VERSION = 5.0;
				TARGETED_DEVICE_FAMILY = "1,2,7";
				TEST_TARGET_NAME = "FRC Head Ref Helper";
				XROS_DEPLOYMENT_TARGET = 26.5;
			};
			name = Debug;
		};
		DAFA2DE13055D11B00E37AAC /* Release */ = {
			isa = XCBuildConfiguration;
			buildSettings = {
				CODE_SIGN_STYLE = Automatic;
				CURRENT_PROJECT_VERSION = 1;
				DEVELOPMENT_TEAM = F4C4286R8Q;
				GENERATE_INFOPLIST_FILE = YES;
				IPHONEOS_DEPLOYMENT_TARGET = 26.5;
				MACOSX_DEPLOYMENT_TARGET = 26.4;
				MARKETING_VERSION = 1.0;
				PRODUCT_BUNDLE_IDENTIFIER = "me.jackdoherty.FRC-Head-Ref-HelperUITests";
				PRODUCT_NAME = "$(TARGET_NAME)";
				SDKROOT = auto;
				STRING_CATALOG_GENERATE_SYMBOLS = NO;
				SUPPORTED_PLATFORMS = "iphoneos iphonesimulator macosx xros xrsimulator";
				SWIFT_APPROACHABLE_CONCURRENCY = YES;
				SWIFT_EMIT_LOC_STRINGS = NO;
				SWIFT_UPCOMING_FEATURE_MEMBER_IMPORT_VISIBILITY = YES;
				SWIFT_VERSION = 5.0;
				TARGETED_DEVICE_FAMILY = "1,2,7";
				TEST_TARGET_NAME = "FRC Head Ref Helper";
				XROS_DEPLOYMENT_TARGET = 26.5;
			};
			name = Release;
		};
		AA010000000000000000AAA9 /* Debug */ = {
			isa = XCBuildConfiguration;
			buildSettings = {
				CODE_SIGN_STYLE = Automatic;
				CURRENT_PROJECT_VERSION = 1;
				GENERATE_INFOPLIST_FILE = YES;
				INFOPLIST_KEY_CFBundleDisplayName = RefWidgets;
				INFOPLIST_FILE = RefWidgets/Info.plist;
				INFOPLIST_KEY_NSHumanReadableCopyright = "";
				IPHONEOS_DEPLOYMENT_TARGET = 26.5;
				LD_RUNPATH_SEARCH_PATHS = (
					"$(inherited)",
					"@executable_path/Frameworks",
					"@executable_path/../../Frameworks",
				);
				MARKETING_VERSION = 1.0;
				PRODUCT_BUNDLE_IDENTIFIER = "me.jackdoherty.FRC-Head-Ref-Helper.RefWidgets";
				PRODUCT_NAME = "$(TARGET_NAME)";
				SDKROOT = iphoneos;
				SKIP_INSTALL = YES;
				SUPPORTED_PLATFORMS = "iphoneos iphonesimulator";
				SWIFT_EMIT_LOC_STRINGS = YES;
				SWIFT_VERSION = 5.0;
				TARGETED_DEVICE_FAMILY = "1,2";
			};
			name = Debug;
		};
		AA010000000000000000AAB0 /* Release */ = {
			isa = XCBuildConfiguration;
			buildSettings = {
				CODE_SIGN_STYLE = Automatic;
				CURRENT_PROJECT_VERSION = 1;
				GENERATE_INFOPLIST_FILE = YES;
				INFOPLIST_KEY_CFBundleDisplayName = RefWidgets;
				INFOPLIST_FILE = RefWidgets/Info.plist;
				INFOPLIST_KEY_NSHumanReadableCopyright = "";
				IPHONEOS_DEPLOYMENT_TARGET = 26.5;
				LD_RUNPATH_SEARCH_PATHS = (
					"$(inherited)",
					"@executable_path/Frameworks",
					"@executable_path/../../Frameworks",
				);
				MARKETING_VERSION = 1.0;
				PRODUCT_BUNDLE_IDENTIFIER = "me.jackdoherty.FRC-Head-Ref-Helper.RefWidgets";
				PRODUCT_NAME = "$(TARGET_NAME)";
				SDKROOT = iphoneos;
				SKIP_INSTALL = YES;
				SUPPORTED_PLATFORMS = "iphoneos iphonesimulator";
				SWIFT_EMIT_LOC_STRINGS = YES;
				SWIFT_VERSION = 5.0;
				TARGETED_DEVICE_FAMILY = "1,2";
			};
			name = Release;
		};
/* End XCBuildConfiguration section */

/* Begin XCConfigurationList section */
		DAFA2DAE3055D11A00E37AAC /* Build configuration list for PBXProject "FRC Head Ref Helper" */ = {
			isa = XCConfigurationList;
			buildConfigurations = (
				DAFA2DDA3055D11B00E37AAC /* Debug */,
				DAFA2DDB3055D11B00E37AAC /* Release */,
			);
			defaultConfigurationIsVisible = 0;
			defaultConfigurationName = Release;
		};
		DAFA2DD73055D11B00E37AAC /* Build configuration list for PBXNativeTarget "FRC Head Ref Helper" */ = {
			isa = XCConfigurationList;
			buildConfigurations = (
				DAFA2DD83055D11B00E37AAC /* Debug */,
				DAFA2DD93055D11B00E37AAC /* Release */,
			);
			defaultConfigurationIsVisible = 0;
			defaultConfigurationName = Release;
		};
		DAFA2DDC3055D11B00E37AAC /* Build configuration list for PBXNativeTarget "FRC Head Ref HelperTests" */ = {
			isa = XCConfigurationList;
			buildConfigurations = (
				DAFA2DDD3055D11B00E37AAC /* Debug */,
				DAFA2DDE3055D11B00E37AAC /* Release */,
			);
			defaultConfigurationIsVisible = 0;
			defaultConfigurationName = Release;
		};
		DAFA2DDF3055D11B00E37AAC /* Build configuration list for PBXNativeTarget "FRC Head Ref HelperUITests" */ = {
			isa = XCConfigurationList;
			buildConfigurations = (
				DAFA2DE03055D11B00E37AAC /* Debug */,
				DAFA2DE13055D11B00E37AAC /* Release */,
			);
			defaultConfigurationIsVisible = 0;
			defaultConfigurationName = Release;
		};
		AA010000000000000000AAA8 /* Build configuration list for PBXNativeTarget "RefWidgets" */ = {
			isa = XCConfigurationList;
			buildConfigurations = (
				AA010000000000000000AAA9 /* Debug */,
				AA010000000000000000AAB0 /* Release */,
			);
			defaultConfigurationIsVisible = 0;
			defaultConfigurationName = Release;
		};
/* End XCConfigurationList section */
	};
	rootObject = DAFA2DAB3055D11A00E37AAC /* Project object */;
}
